
Microsoft Visual Studio Solution File, Format Version 12.00
# Visual Studio Version 17
VisualStudioVersion = 17.5.33530.505
MinimumVisualStudioVersion = 10.0.40219.1
Project("{FAE04EC0-301F-11D3-BF4B-00C04F79EFBC}") = "u-net", "u-net.csproj", "{D5DAEC75-8CC5-4532-811F-E7D34F2BC329}"
EndProject
Global
	GlobalSection(SolutionConfigurationPlatforms) = preSolution
		Debug|Any CPU = Debug|Any CPU
		Release|Any CPU = Release|Any CPU
	EndGlobalSection
	GlobalSection(ProjectConfigurationPlatforms) = postSolution
		{D5DAEC75-8CC5-4532-811F-E7D34F2BC329}.Debug|Any CPU.ActiveCfg = Debug|Any CPU
		{D5DAEC75-8CC5-4532-811F-E7D34F2BC329}.Debug|Any CPU.Build.0 = Debug|Any CPU
		{D5DAEC75-8CC5-4532-811F-E7D34F2BC329}.Release|Any CPU.ActiveCfg = Release|Any CPU
		{D5DAEC75-8CC5-4532-811F-E7D34F2BC329}.Release|Any CPU.Build.0 = Release|Any CPU
	EndGlobalSection
	GlobalSection(SolutionProperties) = preSolution
		HideSolutionNode = FALSE
	EndGlobalSection
	GlobalSection(ExtensibilityGlobals) = postSolution
		SolutionGuid = {39A7FC0B-C2DB-471F-80AD-5E49A3190092}
	EndGlobalSection
EndGlobal
