Microsoft Visual Studio Solution File, Format Version 12.00
# Visual Studio Version 17
VisualStudioVersion = 17.5.33530.505
MinimumVisualStudioVersion = 10.0.40219.1
Project("{9A19103F-16F7-4668-BE54-9A1E7A4F7556}") = "u-net", "u-net.csproj", "{6F2490E3-8B9D-427F-A594-FC2A1AE3026C}"
EndProject
Project("{FAE04EC0-301F-11D3-BF4B-00C04F79EFBC}") = "MultiRowDesigner", "MultiRowDesigner\MultiRowDesigner.csproj", "{6CE0865D-3D0D-4003-92FD-E81C7AD55593}"
EndProject
Global
	GlobalSection(SolutionConfigurationPlatforms) = preSolution
		Debug|Any CPU = Debug|Any CPU
		Release|Any CPU = Release|Any CPU
	EndGlobalSection
	GlobalSection(ProjectConfigurationPlatforms) = postSolution
		{6F2490E3-8B9D-427F-A594-FC2A1AE3026C}.Debug|Any CPU.ActiveCfg = Debug|Any CPU
		{6F2490E3-8B9D-427F-A594-FC2A1AE3026C}.Debug|Any CPU.Build.0 = Debug|Any CPU
		{6F2490E3-8B9D-427F-A594-FC2A1AE3026C}.Release|Any CPU.ActiveCfg = Release|Any CPU
		{6F2490E3-8B9D-427F-A594-FC2A1AE3026C}.Release|Any CPU.Build.0 = Release|Any CPU
		{6CE0865D-3D0D-4003-92FD-E81C7AD55593}.Debug|Any CPU.ActiveCfg = Debug|Any CPU
		{6CE0865D-3D0D-4003-92FD-E81C7AD55593}.Release|Any CPU.ActiveCfg = Release|Any CPU
	EndGlobalSection
	GlobalSection(SolutionProperties) = preSolution
		HideSolutionNode = FALSE
	EndGlobalSection
	GlobalSection(ExtensibilityGlobals) = postSolution
		SolutionGuid = {D7EBCAED-04AC-4647-9E12-78F3C224DECA}
	EndGlobalSection
EndGlobal
